
Microsoft Visual Studio Solution File, Format Version 12.00
# Visual Studio Version 16
VisualStudioVersion = 16.0.29709.97
MinimumVisualStudioVersion = 10.0.40219.1
Project("{FAE04EC0-301F-11D3-BF4B-00C04F79EFBC}") = "cptf", "cptf\cptf.csproj", "{F7F4A34A-CA5A-487C-99C8-07450AFCA0E8}"
EndProject
Global
	GlobalSection(SolutionConfigurationPlatforms) = preSolution
		Debug|Any CPU = Debug|Any CPU
		Release|Any CPU = Release|Any CPU
	EndGlobalSection
	GlobalSection(ProjectConfigurationPlatforms) = postSolution
		{F7F4A34A-CA5A-487C-99C8-07450AFCA0E8}.Debug|Any CPU.ActiveCfg = Debug|Any CPU
		{F7F4A34A-CA5A-487C-99C8-07450AFCA0E8}.Debug|Any CPU.Build.0 = Debug|Any CPU
		{F7F4A34A-CA5A-487C-99C8-07450AFCA0E8}.Release|Any CPU.ActiveCfg = Release|Any CPU
		{F7F4A34A-CA5A-487C-99C8-07450AFCA0E8}.Release|Any CPU.Build.0 = Release|Any CPU
	EndGlobalSection
	GlobalSection(SolutionProperties) = preSolution
		HideSolutionNode = FALSE
	EndGlobalSection
	GlobalSection(ExtensibilityGlobals) = postSolution
		SolutionGuid = {56593BC2-EC9B-4C6F-8E35-B91D0336246C}
	EndGlobalSection
EndGlobal
